
Microsoft Visual Studio Solution File, Format Version 12.00
# Visual Studio 15
VisualStudioVersion = 15.0.27004.2002
MinimumVisualStudioVersion = 10.0.40219.1
Project("{8BC9CEB8-8B4A-11D0-8D11-00A0C91BC942}") = "FindInPartiallySortedMatrix", "FindInPartiallySortedMatrix\FindInPartiallySortedMatrix.vcxproj", "{A11C93E3-E7D7-4F98-BF36-56788E8B3C69}"
EndProject
Project("{8BC9CEB8-8B4A-11D0-8D11-00A0C91BC942}") = "UnitTest1", "UnitTest1\UnitTest1.vcxproj", "{CF61584D-47EF-49F2-8381-36B053310FE9}"
EndProject
Global
	GlobalSection(SolutionConfigurationPlatforms) = preSolution
		Debug|x64 = Debug|x64
		Debug|x86 = Debug|x86
		Release|x64 = Release|x64
		Release|x86 = Release|x86
	EndGlobalSection
	GlobalSection(ProjectConfigurationPlatforms) = postSolution
		{A11C93E3-E7D7-4F98-BF36-56788E8B3C69}.Debug|x64.ActiveCfg = Debug|x64
		{A11C93E3-E7D7-4F98-BF36-56788E8B3C69}.Debug|x64.Build.0 = Debug|x64
		{A11C93E3-E7D7-4F98-BF36-56788E8B3C69}.Debug|x86.ActiveCfg = Debug|Win32
		{A11C93E3-E7D7-4F98-BF36-56788E8B3C69}.Debug|x86.Build.0 = Debug|Win32
		{A11C93E3-E7D7-4F98-BF36-56788E8B3C69}.Release|x64.ActiveCfg = Release|x64
		{A11C93E3-E7D7-4F98-BF36-56788E8B3C69}.Release|x64.Build.0 = Release|x64
		{A11C93E3-E7D7-4F98-BF36-56788E8B3C69}.Release|x86.ActiveCfg = Release|Win32
		{A11C93E3-E7D7-4F98-BF36-56788E8B3C69}.Release|x86.Build.0 = Release|Win32
		{CF61584D-47EF-49F2-8381-36B053310FE9}.Debug|x64.ActiveCfg = Debug|x64
		{CF61584D-47EF-49F2-8381-36B053310FE9}.Debug|x64.Build.0 = Debug|x64
		{CF61584D-47EF-49F2-8381-36B053310FE9}.Debug|x86.ActiveCfg = Debug|Win32
		{CF61584D-47EF-49F2-8381-36B053310FE9}.Debug|x86.Build.0 = Debug|Win32
		{CF61584D-47EF-49F2-8381-36B053310FE9}.Release|x64.ActiveCfg = Release|x64
		{CF61584D-47EF-49F2-8381-36B053310FE9}.Release|x64.Build.0 = Release|x64
		{CF61584D-47EF-49F2-8381-36B053310FE9}.Release|x86.ActiveCfg = Release|Win32
		{CF61584D-47EF-49F2-8381-36B053310FE9}.Release|x86.Build.0 = Release|Win32
	EndGlobalSection
	GlobalSection(SolutionProperties) = preSolution
		HideSolutionNode = FALSE
	EndGlobalSection
	GlobalSection(ExtensibilityGlobals) = postSolution
		SolutionGuid = {E5F09063-D5AA-4966-8378-CADFE6CC0B71}
	EndGlobalSection
EndGlobal
